
Microsoft Visual Studio Solution File, Format Version 12.00
# Visual Studio Version 17
VisualStudioVersion = 17.5.33516.290
MinimumVisualStudioVersion = 10.0.40219.1
Project("{FAE04EC0-301F-11D3-BF4B-00C04F79EFBC}") = "FlyWeightPattern", "FlyWeightPattern\FlyWeightPattern.csproj", "{836D11BD-71B1-428E-984D-B47596906483}"
EndProject
Global
	GlobalSection(SolutionConfigurationPlatforms) = preSolution
		Debug|Any CPU = Debug|Any CPU
		Release|Any CPU = Release|Any CPU
	EndGlobalSection
	GlobalSection(ProjectConfigurationPlatforms) = postSolution
		{836D11BD-71B1-428E-984D-B47596906483}.Debug|Any CPU.ActiveCfg = Debug|Any CPU
		{836D11BD-71B1-428E-984D-B47596906483}.Debug|Any CPU.Build.0 = Debug|Any CPU
		{836D11BD-71B1-428E-984D-B47596906483}.Release|Any CPU.ActiveCfg = Release|Any CPU
		{836D11BD-71B1-428E-984D-B47596906483}.Release|Any CPU.Build.0 = Release|Any CPU
	EndGlobalSection
	GlobalSection(SolutionProperties) = preSolution
		HideSolutionNode = FALSE
	EndGlobalSection
	GlobalSection(ExtensibilityGlobals) = postSolution
		SolutionGuid = {5C405434-231F-49A5-A695-3B6F207F3111}
	EndGlobalSection
EndGlobal
